version = 1
revision = 3
requires-python = ">=3.10"

[[package]]
name = "aioredis"
version = "2.0.1"
source = { registry = "https://pypi.org/simple" }
dependencies = [
    { name = "async-timeout" },
    { name = "typing-extensions" },
]
sdist = { url = "https://files.pythonhosted.org/packages/2e/cf/9eb144a0b05809ffc5d29045c4b51039000ea275bc1268d0351c9e7dfc06/aioredis-2.0.1.tar.gz", hash = "sha256:eaa51aaf993f2d71f54b70527c440437ba65340588afeb786cd87c55c89cd98e", size = 111047, upload-time = "2021-12-27T20:28:17.557Z" }
wheels = [
    { url = "https://files.pythonhosted.org/packages/9b/a9/0da089c3ae7a31cbcd2dcf0214f6f571e1295d292b6139e2bac68ec081d0/aioredis-2.0.1-py3-none-any.whl", hash = "sha256:9ac0d0b3b485d293b8ca1987e6de8658d7dafcca1cddfcd1d506cae8cdebfdd6", size = 71243, upload-time = "2021-12-27T20:28:16.36Z" },
]

[[package]]
name = "async-timeout"
version = "5.0.1"
source = { registry = "https://pypi.org/simple" }
sdist = { url = "https://files.pythonhosted.org/packages/a5/ae/136395dfbfe00dfc94da3f3e136d0b13f394cba8f4841120e34226265780/async_timeout-5.0.1.tar.gz", hash = "sha256:d9321a7a3d5a6a5e187e824d2fa0793ce379a202935782d555d6e9d2735677d3", size = 9274, upload-time = "2024-11-06T16:41:39.6Z" }
wheels = [
    { url = "https://files.pythonhosted.org/packages/fe/ba/e2081de779ca30d473f21f5b30e0e737c438205440784c7dfc81efc2b029/async_timeout-5.0.1-py3-none-any.whl", hash = "sha256:39e3809566ff85354557ec2398b55e096c8364bacac9405a7a1fa429e77fe76c", size = 6233, upload-time = "2024-11-06T16:41:37.9Z" },
]

[[package]]
name = "backend-fastapi"
version = "0.1.0"
source = { virtual = "." }
dependencies = [
    { name = "aioredis" },
]

[package.metadata]
requires-dist = [{ name = "aioredis", specifier = ">=2.0.1" }]

[[package]]
name = "typing-extensions"
version = "4.15.0"
source = { registry = "https://pypi.org/simple" }
sdist = { url = "https://files.pythonhosted.org/packages/72/94/1a15dd82efb362ac84269196e94cf00f187f7ed21c242792a923cdb1c61f/typing_extensions-4.15.0.tar.gz", hash = "sha256:0cea48d173cc12fa28ecabc3b837ea3cf6f38c6d1136f85cbaaf598984861466", size = 109391, upload-time = "2025-08-25T13:49:26.313Z" }
wheels = [
    { url = "https://files.pythonhosted.org/packages/18/67/36e9267722cc04a6b9f15c7f3441c2363321a3ea07da7ae0c0707beb2a9c/typing_extensions-4.15.0-py3-none-any.whl", hash = "sha256:f0fa19c6845758ab08074a0cfa8b7aecb71c999ca73d62883bc25cc018c4e548", size = 44614, upload-time = "2025-08-25T13:49:24.86Z" },
]
